
Microsoft Visual Studio Solution File, Format Version 12.00
# Visual Studio Version 17
VisualStudioVersion = 17.9.34728.123
MinimumVisualStudioVersion = 10.0.40219.1
Project("{FAE04EC0-301F-11D3-BF4B-00C04F79EFBC}") = "ParImpar", "ParImpar\ParImpar.csproj", "{D0926167-A975-4AF8-BDD3-C6B7CB1B708C}"
EndProject
Global
	GlobalSection(SolutionConfigurationPlatforms) = preSolution
		Debug|Any CPU = Debug|Any CPU
		Release|Any CPU = Release|Any CPU
	EndGlobalSection
	GlobalSection(ProjectConfigurationPlatforms) = postSolution
		{D0926167-A975-4AF8-BDD3-C6B7CB1B708C}.Debug|Any CPU.ActiveCfg = Debug|Any CPU
		{D0926167-A975-4AF8-BDD3-C6B7CB1B708C}.Debug|Any CPU.Build.0 = Debug|Any CPU
		{D0926167-A975-4AF8-BDD3-C6B7CB1B708C}.Release|Any CPU.ActiveCfg = Release|Any CPU
		{D0926167-A975-4AF8-BDD3-C6B7CB1B708C}.Release|Any CPU.Build.0 = Release|Any CPU
	EndGlobalSection
	GlobalSection(SolutionProperties) = preSolution
		HideSolutionNode = FALSE
	EndGlobalSection
	GlobalSection(ExtensibilityGlobals) = postSolution
		SolutionGuid = {C44A2584-36A0-41EF-A984-CA27A025AD98}
	EndGlobalSection
EndGlobal
